
Microsoft Visual Studio Solution File, Format Version 12.00
# Visual Studio Version 17
VisualStudioVersion = 17.4.33110.190
MinimumVisualStudioVersion = 10.0.40219.1
Project("{FAE04EC0-301F-11D3-BF4B-00C04F79EFBC}") = "BlazorAppCalendar", "BlazorAppCalendar\BlazorAppCalendar.csproj", "{F419EB66-7947-403B-9CD3-D8733B29D2F7}"
EndProject
Global
	GlobalSection(SolutionConfigurationPlatforms) = preSolution
		Debug|Any CPU = Debug|Any CPU
		Release|Any CPU = Release|Any CPU
	EndGlobalSection
	GlobalSection(ProjectConfigurationPlatforms) = postSolution
		{F419EB66-7947-403B-9CD3-D8733B29D2F7}.Debug|Any CPU.ActiveCfg = Debug|Any CPU
		{F419EB66-7947-403B-9CD3-D8733B29D2F7}.Debug|Any CPU.Build.0 = Debug|Any CPU
		{F419EB66-7947-403B-9CD3-D8733B29D2F7}.Release|Any CPU.ActiveCfg = Release|Any CPU
		{F419EB66-7947-403B-9CD3-D8733B29D2F7}.Release|Any CPU.Build.0 = Release|Any CPU
	EndGlobalSection
	GlobalSection(SolutionProperties) = preSolution
		HideSolutionNode = FALSE
	EndGlobalSection
	GlobalSection(ExtensibilityGlobals) = postSolution
		SolutionGuid = {273EFFE6-9C35-40B4-9BC1-56E3E90EC93C}
	EndGlobalSection
EndGlobal
